
Microsoft Visual Studio Solution File, Format Version 12.00
# Visual Studio Version 16
VisualStudioVersion = 16.0.33801.447
MinimumVisualStudioVersion = 10.0.40219.1
Project("{2150E333-8FDC-42A3-9474-1A3956D46DE8}") = "Foundation", "Foundation", "{43DBD316-33AC-45DF-BF8E-58C825F7AE8F}"
EndProject
Project("{FAE04EC0-301F-11D3-BF4B-00C04F79EFBC}") = "SitemapCrawler", "src\Foundation\SitemapCrawler\SitemapCrawler.csproj", "{FA81F0DF-5EC9-4BA7-A589-4CC6FE9A1458}"
EndProject
Global
	GlobalSection(SolutionConfigurationPlatforms) = preSolution
		Debug|Any CPU = Debug|Any CPU
		Release|Any CPU = Release|Any CPU
	EndGlobalSection
	GlobalSection(ProjectConfigurationPlatforms) = postSolution
		{FA81F0DF-5EC9-4BA7-A589-4CC6FE9A1458}.Debug|Any CPU.ActiveCfg = Debug|Any CPU
		{FA81F0DF-5EC9-4BA7-A589-4CC6FE9A1458}.Debug|Any CPU.Build.0 = Debug|Any CPU
		{FA81F0DF-5EC9-4BA7-A589-4CC6FE9A1458}.Release|Any CPU.ActiveCfg = Release|Any CPU
		{FA81F0DF-5EC9-4BA7-A589-4CC6FE9A1458}.Release|Any CPU.Build.0 = Release|Any CPU
	EndGlobalSection
	GlobalSection(SolutionProperties) = preSolution
		HideSolutionNode = FALSE
	EndGlobalSection
	GlobalSection(NestedProjects) = preSolution
		{FA81F0DF-5EC9-4BA7-A589-4CC6FE9A1458} = {43DBD316-33AC-45DF-BF8E-58C825F7AE8F}
	EndGlobalSection
	GlobalSection(ExtensibilityGlobals) = postSolution
		SolutionGuid = {C2F6812B-7117-4ED2-A4F1-4EE888F704E2}
	EndGlobalSection
EndGlobal
